
Microsoft Visual Studio Solution File, Format Version 12.00
# Visual Studio 15
VisualStudioVersion = 15.0.27130.2010
MinimumVisualStudioVersion = 10.0.40219.1
Project("{9A19103F-16F7-4668-BE54-9A1E7A4F7556}") = "Xaki", "src\Xaki\Xaki.csproj", "{544F4EE6-0DC3-41EF-9501-F931944E4CC7}"
EndProject
Project("{9A19103F-16F7-4668-BE54-9A1E7A4F7556}") = "Xaki.Tests", "tests\Xaki.Tests\Xaki.Tests.csproj", "{85C68614-B215-46B7-BF82-72DC548973CF}"
EndProject
Project("{2150E333-8FDC-42A3-9474-1A3956D46DE8}") = "samples", "samples", "{CD7E8D92-2CC1-4495-A44E-02ABA41CD783}"
EndProject
Project("{9A19103F-16F7-4668-BE54-9A1E7A4F7556}") = "Xaki.Sample", "samples\Xaki.Sample\Xaki.Sample.csproj", "{74853213-31B3-43CB-95D7-C2B72A00424A}"
EndProject
Project("{2150E333-8FDC-42A3-9474-1A3956D46DE8}") = "tests", "tests", "{0061D7B2-50D7-4C11-85D4-A592A2703CB9}"
EndProject
Project("{9A19103F-16F7-4668-BE54-9A1E7A4F7556}") = "Xaki.AspNetCore", "src\Xaki.AspNetCore\Xaki.AspNetCore.csproj", "{9A5CCFFB-4485-463F-A69B-DA75D583BF77}"
EndProject
Project("{9A19103F-16F7-4668-BE54-9A1E7A4F7556}") = "Xaki.Benchmarks", "benchmarks\Xaki.Benchmarks\Xaki.Benchmarks.csproj", "{9C1231DC-1859-447C-B157-6672A9A9B404}"
EndProject
Project("{2150E333-8FDC-42A3-9474-1A3956D46DE8}") = "benchmarks", "benchmarks", "{94EE3A65-37C9-4BFE-A6F4-5A2E735F14A2}"
EndProject
Project("{2150E333-8FDC-42A3-9474-1A3956D46DE8}") = "docs", "docs", "{B0D568E3-7852-4717-BC8B-CE70253109F8}"
EndProject
Project("{FAE04EC0-301F-11D3-BF4B-00C04F79EFBC}") = "Xaki.Docs", "docs\Xaki.Docs\Xaki.Docs.csproj", "{668203ED-8BDD-466B-89C7-62D515F1D53B}"
EndProject
Global
	GlobalSection(SolutionConfigurationPlatforms) = preSolution
		Debug|Any CPU = Debug|Any CPU
		Release|Any CPU = Release|Any CPU
	EndGlobalSection
	GlobalSection(ProjectConfigurationPlatforms) = postSolution
		{544F4EE6-0DC3-41EF-9501-F931944E4CC7}.Debug|Any CPU.ActiveCfg = Debug|Any CPU
		{544F4EE6-0DC3-41EF-9501-F931944E4CC7}.Debug|Any CPU.Build.0 = Debug|Any CPU
		{544F4EE6-0DC3-41EF-9501-F931944E4CC7}.Release|Any CPU.ActiveCfg = Release|Any CPU
		{544F4EE6-0DC3-41EF-9501-F931944E4CC7}.Release|Any CPU.Build.0 = Release|Any CPU
		{85C68614-B215-46B7-BF82-72DC548973CF}.Debug|Any CPU.ActiveCfg = Debug|Any CPU
		{85C68614-B215-46B7-BF82-72DC548973CF}.Debug|Any CPU.Build.0 = Debug|Any CPU
		{85C68614-B215-46B7-BF82-72DC548973CF}.Release|Any CPU.ActiveCfg = Release|Any CPU
		{85C68614-B215-46B7-BF82-72DC548973CF}.Release|Any CPU.Build.0 = Release|Any CPU
		{74853213-31B3-43CB-95D7-C2B72A00424A}.Debug|Any CPU.ActiveCfg = Debug|Any CPU
		{74853213-31B3-43CB-95D7-C2B72A00424A}.Debug|Any CPU.Build.0 = Debug|Any CPU
		{74853213-31B3-43CB-95D7-C2B72A00424A}.Release|Any CPU.ActiveCfg = Release|Any CPU
		{74853213-31B3-43CB-95D7-C2B72A00424A}.Release|Any CPU.Build.0 = Release|Any CPU
		{9A5CCFFB-4485-463F-A69B-DA75D583BF77}.Debug|Any CPU.ActiveCfg = Debug|Any CPU
		{9A5CCFFB-4485-463F-A69B-DA75D583BF77}.Debug|Any CPU.Build.0 = Debug|Any CPU
		{9A5CCFFB-4485-463F-A69B-DA75D583BF77}.Release|Any CPU.ActiveCfg = Release|Any CPU
		{9A5CCFFB-4485-463F-A69B-DA75D583BF77}.Release|Any CPU.Build.0 = Release|Any CPU
		{9C1231DC-1859-447C-B157-6672A9A9B404}.Debug|Any CPU.ActiveCfg = Debug|Any CPU
		{9C1231DC-1859-447C-B157-6672A9A9B404}.Debug|Any CPU.Build.0 = Debug|Any CPU
		{9C1231DC-1859-447C-B157-6672A9A9B404}.Release|Any CPU.ActiveCfg = Release|Any CPU
		{9C1231DC-1859-447C-B157-6672A9A9B404}.Release|Any CPU.Build.0 = Release|Any CPU
		{668203ED-8BDD-466B-89C7-62D515F1D53B}.Debug|Any CPU.ActiveCfg = Debug|Any CPU
		{668203ED-8BDD-466B-89C7-62D515F1D53B}.Debug|Any CPU.Build.0 = Debug|Any CPU
		{668203ED-8BDD-466B-89C7-62D515F1D53B}.Release|Any CPU.ActiveCfg = Release|Any CPU
		{668203ED-8BDD-466B-89C7-62D515F1D53B}.Release|Any CPU.Build.0 = Release|Any CPU
	EndGlobalSection
	GlobalSection(SolutionProperties) = preSolution
		HideSolutionNode = FALSE
	EndGlobalSection
	GlobalSection(NestedProjects) = preSolution
		{85C68614-B215-46B7-BF82-72DC548973CF} = {0061D7B2-50D7-4C11-85D4-A592A2703CB9}
		{74853213-31B3-43CB-95D7-C2B72A00424A} = {CD7E8D92-2CC1-4495-A44E-02ABA41CD783}
		{9C1231DC-1859-447C-B157-6672A9A9B404} = {94EE3A65-37C9-4BFE-A6F4-5A2E735F14A2}
		{668203ED-8BDD-466B-89C7-62D515F1D53B} = {B0D568E3-7852-4717-BC8B-CE70253109F8}
	EndGlobalSection
	GlobalSection(ExtensibilityGlobals) = postSolution
		SolutionGuid = {B489EB45-CC90-45D3-869F-E06B8F75FB59}
	EndGlobalSection
EndGlobal
